
Microsoft Visual Studio Solution File, Format Version 12.00
# Visual Studio Version 17
VisualStudioVersion = 17.8.34330.188
MinimumVisualStudioVersion = 10.0.40219.1
Project("{FAE04EC0-301F-11D3-BF4B-00C04F79EFBC}") = "git-lfs-synchronizer", "git-lfs-synchronizer\git-lfs-synchronizer.csproj", "{76CEE841-1DCD-4A66-941A-CAC6AE252B56}"
EndProject
Global
	GlobalSection(SolutionConfigurationPlatforms) = preSolution
		Debug|Any CPU = Debug|Any CPU
		Release|Any CPU = Release|Any CPU
	EndGlobalSection
	GlobalSection(ProjectConfigurationPlatforms) = postSolution
		{76CEE841-1DCD-4A66-941A-CAC6AE252B56}.Debug|Any CPU.ActiveCfg = Debug|Any CPU
		{76CEE841-1DCD-4A66-941A-CAC6AE252B56}.Debug|Any CPU.Build.0 = Debug|Any CPU
		{76CEE841-1DCD-4A66-941A-CAC6AE252B56}.Release|Any CPU.ActiveCfg = Release|Any CPU
		{76CEE841-1DCD-4A66-941A-CAC6AE252B56}.Release|Any CPU.Build.0 = Release|Any CPU
	EndGlobalSection
	GlobalSection(SolutionProperties) = preSolution
		HideSolutionNode = FALSE
	EndGlobalSection
	GlobalSection(ExtensibilityGlobals) = postSolution
		SolutionGuid = {C19A8142-38A5-4B80-84E9-2AAC566B24C3}
	EndGlobalSection
EndGlobal
